
Microsoft Visual Studio Solution File, Format Version 12.00
# Visual Studio Version 17
VisualStudioVersion = 17.7.34221.43
MinimumVisualStudioVersion = 10.0.40219.1
Project("{FAE04EC0-301F-11D3-BF4B-00C04F79EFBC}") = "UdeMfiki", "UdeMfiki.csproj", "{89B1F6D1-B500-4316-89F8-A6EFC300810F}"
EndProject
Global
	GlobalSection(SolutionConfigurationPlatforms) = preSolution
		Debug|Any CPU = Debug|Any CPU
		Release|Any CPU = Release|Any CPU
	EndGlobalSection
	GlobalSection(ProjectConfigurationPlatforms) = postSolution
		{89B1F6D1-B500-4316-89F8-A6EFC300810F}.Debug|Any CPU.ActiveCfg = Debug|Any CPU
		{89B1F6D1-B500-4316-89F8-A6EFC300810F}.Debug|Any CPU.Build.0 = Debug|Any CPU
		{89B1F6D1-B500-4316-89F8-A6EFC300810F}.Release|Any CPU.ActiveCfg = Release|Any CPU
		{89B1F6D1-B500-4316-89F8-A6EFC300810F}.Release|Any CPU.Build.0 = Release|Any CPU
	EndGlobalSection
	GlobalSection(SolutionProperties) = preSolution
		HideSolutionNode = FALSE
	EndGlobalSection
	GlobalSection(ExtensibilityGlobals) = postSolution
		SolutionGuid = {6E84560C-A210-468F-9B84-5FC922414845}
	EndGlobalSection
EndGlobal
